
Microsoft Visual Studio Solution File, Format Version 12.00
# Visual Studio Version 17
VisualStudioVersion = 17.8.34525.116
MinimumVisualStudioVersion = 10.0.40219.1
Project("{FAE04EC0-301F-11D3-BF4B-00C04F79EFBC}") = "List", "List\List.csproj", "{5198B191-0295-409E-9DCB-76558A6E3925}"
EndProject
Global
	GlobalSection(SolutionConfigurationPlatforms) = preSolution
		Debug|Any CPU = Debug|Any CPU
		Release|Any CPU = Release|Any CPU
	EndGlobalSection
	GlobalSection(ProjectConfigurationPlatforms) = postSolution
		{5198B191-0295-409E-9DCB-76558A6E3925}.Debug|Any CPU.ActiveCfg = Debug|Any CPU
		{5198B191-0295-409E-9DCB-76558A6E3925}.Debug|Any CPU.Build.0 = Debug|Any CPU
		{5198B191-0295-409E-9DCB-76558A6E3925}.Release|Any CPU.ActiveCfg = Release|Any CPU
		{5198B191-0295-409E-9DCB-76558A6E3925}.Release|Any CPU.Build.0 = Release|Any CPU
	EndGlobalSection
	GlobalSection(SolutionProperties) = preSolution
		HideSolutionNode = FALSE
	EndGlobalSection
	GlobalSection(ExtensibilityGlobals) = postSolution
		SolutionGuid = {2A5058CB-78DF-4DEA-B963-A0E480493841}
	EndGlobalSection
EndGlobal
