
Microsoft Visual Studio Solution File, Format Version 12.00
# Visual Studio Version 17
VisualStudioVersion = 17.8.34525.116
MinimumVisualStudioVersion = 10.0.40219.1
Project("{FAE04EC0-301F-11D3-BF4B-00C04F79EFBC}") = "TallerEvaluativo", "TallerEvaluativo\TallerEvaluativo.csproj", "{EB88BDC2-8C41-4999-BD50-793765CA6E26}"
EndProject
Global
	GlobalSection(SolutionConfigurationPlatforms) = preSolution
		Debug|Any CPU = Debug|Any CPU
		Release|Any CPU = Release|Any CPU
	EndGlobalSection
	GlobalSection(ProjectConfigurationPlatforms) = postSolution
		{EB88BDC2-8C41-4999-BD50-793765CA6E26}.Debug|Any CPU.ActiveCfg = Debug|Any CPU
		{EB88BDC2-8C41-4999-BD50-793765CA6E26}.Debug|Any CPU.Build.0 = Debug|Any CPU
		{EB88BDC2-8C41-4999-BD50-793765CA6E26}.Release|Any CPU.ActiveCfg = Release|Any CPU
		{EB88BDC2-8C41-4999-BD50-793765CA6E26}.Release|Any CPU.Build.0 = Release|Any CPU
	EndGlobalSection
	GlobalSection(SolutionProperties) = preSolution
		HideSolutionNode = FALSE
	EndGlobalSection
	GlobalSection(ExtensibilityGlobals) = postSolution
		SolutionGuid = {C38F70F1-BD93-485B-A776-D69464FDC64E}
	EndGlobalSection
EndGlobal
