
Microsoft Visual Studio Solution File, Format Version 12.00
# Visual Studio Version 17
VisualStudioVersion = 17.8.34525.116
MinimumVisualStudioVersion = 10.0.40219.1
Project("{FAE04EC0-301F-11D3-BF4B-00C04F79EFBC}") = "Reto5", "Reto5\Reto5.csproj", "{BDE8759F-9C77-4AB2-B221-9896555B881D}"
EndProject
Global
	GlobalSection(SolutionConfigurationPlatforms) = preSolution
		Debug|Any CPU = Debug|Any CPU
		Release|Any CPU = Release|Any CPU
	EndGlobalSection
	GlobalSection(ProjectConfigurationPlatforms) = postSolution
		{BDE8759F-9C77-4AB2-B221-9896555B881D}.Debug|Any CPU.ActiveCfg = Debug|Any CPU
		{BDE8759F-9C77-4AB2-B221-9896555B881D}.Debug|Any CPU.Build.0 = Debug|Any CPU
		{BDE8759F-9C77-4AB2-B221-9896555B881D}.Release|Any CPU.ActiveCfg = Release|Any CPU
		{BDE8759F-9C77-4AB2-B221-9896555B881D}.Release|Any CPU.Build.0 = Release|Any CPU
	EndGlobalSection
	GlobalSection(SolutionProperties) = preSolution
		HideSolutionNode = FALSE
	EndGlobalSection
	GlobalSection(ExtensibilityGlobals) = postSolution
		SolutionGuid = {04BE1DC3-49DF-440B-996C-3A0420A19D08}
	EndGlobalSection
EndGlobal
