
Microsoft Visual Studio Solution File, Format Version 12.00
# Visual Studio Version 17
VisualStudioVersion = 17.8.34525.116
MinimumVisualStudioVersion = 10.0.40219.1
Project("{FAE04EC0-301F-11D3-BF4B-00C04F79EFBC}") = "CRUDYonierOspinaEF", "CRUDYonierOspinaEF\CRUDYonierOspinaEF.csproj", "{0270B086-4C38-42F6-B0EC-474A475E9686}"
EndProject
Global
	GlobalSection(SolutionConfigurationPlatforms) = preSolution
		Debug|Any CPU = Debug|Any CPU
		Release|Any CPU = Release|Any CPU
	EndGlobalSection
	GlobalSection(ProjectConfigurationPlatforms) = postSolution
		{0270B086-4C38-42F6-B0EC-474A475E9686}.Debug|Any CPU.ActiveCfg = Debug|Any CPU
		{0270B086-4C38-42F6-B0EC-474A475E9686}.Debug|Any CPU.Build.0 = Debug|Any CPU
		{0270B086-4C38-42F6-B0EC-474A475E9686}.Release|Any CPU.ActiveCfg = Release|Any CPU
		{0270B086-4C38-42F6-B0EC-474A475E9686}.Release|Any CPU.Build.0 = Release|Any CPU
	EndGlobalSection
	GlobalSection(SolutionProperties) = preSolution
		HideSolutionNode = FALSE
	EndGlobalSection
	GlobalSection(ExtensibilityGlobals) = postSolution
		SolutionGuid = {676152BD-D16B-4142-96F6-5ECF2F99D5D5}
	EndGlobalSection
EndGlobal
